
Microsoft Visual Studio Solution File, Format Version 12.00
# Visual Studio Version 16
VisualStudioVersion = 16.0.29728.190
MinimumVisualStudioVersion = 10.0.40219.1
Project("{FAE04EC0-301F-11D3-BF4B-00C04F79EFBC}") = "Caluclator", "Caluclator\Caluclator.csproj", "{17C1CB0C-C5A2-4C2C-97E3-D5A1DACB3184}"
EndProject
Global
	GlobalSection(SolutionConfigurationPlatforms) = preSolution
		Debug|Any CPU = Debug|Any CPU
		Release|Any CPU = Release|Any CPU
	EndGlobalSection
	GlobalSection(ProjectConfigurationPlatforms) = postSolution
		{17C1CB0C-C5A2-4C2C-97E3-D5A1DACB3184}.Debug|Any CPU.ActiveCfg = Debug|Any CPU
		{17C1CB0C-C5A2-4C2C-97E3-D5A1DACB3184}.Debug|Any CPU.Build.0 = Debug|Any CPU
		{17C1CB0C-C5A2-4C2C-97E3-D5A1DACB3184}.Release|Any CPU.ActiveCfg = Release|Any CPU
		{17C1CB0C-C5A2-4C2C-97E3-D5A1DACB3184}.Release|Any CPU.Build.0 = Release|Any CPU
	EndGlobalSection
	GlobalSection(SolutionProperties) = preSolution
		HideSolutionNode = FALSE
	EndGlobalSection
	GlobalSection(ExtensibilityGlobals) = postSolution
		SolutionGuid = {E285554C-2947-4547-938A-5EED21C174F9}
	EndGlobalSection
EndGlobal
